
Microsoft Visual Studio Solution File, Format Version 12.00
# Visual Studio 15
VisualStudioVersion = 15.0.27703.2026
MinimumVisualStudioVersion = 10.0.40219.1
Project("{8BC9CEB8-8B4A-11D0-8D11-00A0C91BC942}") = "11_4", "11_4\11_4.vcxproj", "{6325675E-A6FF-4C82-A5E8-90939B074AC2}"
EndProject
Global
	GlobalSection(SolutionConfigurationPlatforms) = preSolution
		Debug|x64 = Debug|x64
		Debug|x86 = Debug|x86
		Release|x64 = Release|x64
		Release|x86 = Release|x86
	EndGlobalSection
	GlobalSection(ProjectConfigurationPlatforms) = postSolution
		{6325675E-A6FF-4C82-A5E8-90939B074AC2}.Debug|x64.ActiveCfg = Debug|x64
		{6325675E-A6FF-4C82-A5E8-90939B074AC2}.Debug|x64.Build.0 = Debug|x64
		{6325675E-A6FF-4C82-A5E8-90939B074AC2}.Debug|x86.ActiveCfg = Debug|Win32
		{6325675E-A6FF-4C82-A5E8-90939B074AC2}.Debug|x86.Build.0 = Debug|Win32
		{6325675E-A6FF-4C82-A5E8-90939B074AC2}.Release|x64.ActiveCfg = Release|x64
		{6325675E-A6FF-4C82-A5E8-90939B074AC2}.Release|x64.Build.0 = Release|x64
		{6325675E-A6FF-4C82-A5E8-90939B074AC2}.Release|x86.ActiveCfg = Release|Win32
		{6325675E-A6FF-4C82-A5E8-90939B074AC2}.Release|x86.Build.0 = Release|Win32
	EndGlobalSection
	GlobalSection(SolutionProperties) = preSolution
		HideSolutionNode = FALSE
	EndGlobalSection
	GlobalSection(ExtensibilityGlobals) = postSolution
		SolutionGuid = {342A7427-7990-445A-967A-8E3D93F22CB5}
	EndGlobalSection
EndGlobal
