
Microsoft Visual Studio Solution File, Format Version 12.00
# Visual Studio 15
VisualStudioVersion = 15.0.27703.2026
MinimumVisualStudioVersion = 10.0.40219.1
Project("{8BC9CEB8-8B4A-11D0-8D11-00A0C91BC942}") = "11_24", "11_24\11_24.vcxproj", "{7234EDEC-9BEC-4AF7-9D0F-CC50E075839F}"
EndProject
Global
	GlobalSection(SolutionConfigurationPlatforms) = preSolution
		Debug|x64 = Debug|x64
		Debug|x86 = Debug|x86
		Release|x64 = Release|x64
		Release|x86 = Release|x86
	EndGlobalSection
	GlobalSection(ProjectConfigurationPlatforms) = postSolution
		{7234EDEC-9BEC-4AF7-9D0F-CC50E075839F}.Debug|x64.ActiveCfg = Debug|x64
		{7234EDEC-9BEC-4AF7-9D0F-CC50E075839F}.Debug|x64.Build.0 = Debug|x64
		{7234EDEC-9BEC-4AF7-9D0F-CC50E075839F}.Debug|x86.ActiveCfg = Debug|Win32
		{7234EDEC-9BEC-4AF7-9D0F-CC50E075839F}.Debug|x86.Build.0 = Debug|Win32
		{7234EDEC-9BEC-4AF7-9D0F-CC50E075839F}.Release|x64.ActiveCfg = Release|x64
		{7234EDEC-9BEC-4AF7-9D0F-CC50E075839F}.Release|x64.Build.0 = Release|x64
		{7234EDEC-9BEC-4AF7-9D0F-CC50E075839F}.Release|x86.ActiveCfg = Release|Win32
		{7234EDEC-9BEC-4AF7-9D0F-CC50E075839F}.Release|x86.Build.0 = Release|Win32
	EndGlobalSection
	GlobalSection(SolutionProperties) = preSolution
		HideSolutionNode = FALSE
	EndGlobalSection
	GlobalSection(ExtensibilityGlobals) = postSolution
		SolutionGuid = {B7AE2EC4-7B75-4098-97DC-6930F01CB571}
	EndGlobalSection
EndGlobal
