
Microsoft Visual Studio Solution File, Format Version 12.00
# Visual Studio 15
VisualStudioVersion = 15.0.27703.2026
MinimumVisualStudioVersion = 10.0.40219.1
Project("{8BC9CEB8-8B4A-11D0-8D11-00A0C91BC942}") = "通讯录", "通讯录\通讯录.vcxproj", "{4C83270D-2ED9-4609-B14D-5F5814EC9D4C}"
EndProject
Global
	GlobalSection(SolutionConfigurationPlatforms) = preSolution
		Debug|x64 = Debug|x64
		Debug|x86 = Debug|x86
		Release|x64 = Release|x64
		Release|x86 = Release|x86
	EndGlobalSection
	GlobalSection(ProjectConfigurationPlatforms) = postSolution
		{4C83270D-2ED9-4609-B14D-5F5814EC9D4C}.Debug|x64.ActiveCfg = Debug|x64
		{4C83270D-2ED9-4609-B14D-5F5814EC9D4C}.Debug|x64.Build.0 = Debug|x64
		{4C83270D-2ED9-4609-B14D-5F5814EC9D4C}.Debug|x86.ActiveCfg = Debug|Win32
		{4C83270D-2ED9-4609-B14D-5F5814EC9D4C}.Debug|x86.Build.0 = Debug|Win32
		{4C83270D-2ED9-4609-B14D-5F5814EC9D4C}.Release|x64.ActiveCfg = Release|x64
		{4C83270D-2ED9-4609-B14D-5F5814EC9D4C}.Release|x64.Build.0 = Release|x64
		{4C83270D-2ED9-4609-B14D-5F5814EC9D4C}.Release|x86.ActiveCfg = Release|Win32
		{4C83270D-2ED9-4609-B14D-5F5814EC9D4C}.Release|x86.Build.0 = Release|Win32
	EndGlobalSection
	GlobalSection(SolutionProperties) = preSolution
		HideSolutionNode = FALSE
	EndGlobalSection
	GlobalSection(ExtensibilityGlobals) = postSolution
		SolutionGuid = {E9B6CB4A-1941-4A6F-B931-F0E46EF0BED9}
	EndGlobalSection
EndGlobal
