
Microsoft Visual Studio Solution File, Format Version 12.00
# Visual Studio Version 17
VisualStudioVersion = 17.3.32901.215
MinimumVisualStudioVersion = 10.0.40219.1
Project("{8BC9CEB8-8B4A-11D0-8D11-00A0C91BC942}") = "2022_09_26_test", "2022_09_26_test\2022_09_26_test.vcxproj", "{C747576A-8376-4B48-9B9A-6FD01CDA3C7C}"
EndProject
Global
	GlobalSection(SolutionConfigurationPlatforms) = preSolution
		Debug|x64 = Debug|x64
		Debug|x86 = Debug|x86
		Release|x64 = Release|x64
		Release|x86 = Release|x86
	EndGlobalSection
	GlobalSection(ProjectConfigurationPlatforms) = postSolution
		{C747576A-8376-4B48-9B9A-6FD01CDA3C7C}.Debug|x64.ActiveCfg = Debug|x64
		{C747576A-8376-4B48-9B9A-6FD01CDA3C7C}.Debug|x64.Build.0 = Debug|x64
		{C747576A-8376-4B48-9B9A-6FD01CDA3C7C}.Debug|x86.ActiveCfg = Debug|Win32
		{C747576A-8376-4B48-9B9A-6FD01CDA3C7C}.Debug|x86.Build.0 = Debug|Win32
		{C747576A-8376-4B48-9B9A-6FD01CDA3C7C}.Release|x64.ActiveCfg = Release|x64
		{C747576A-8376-4B48-9B9A-6FD01CDA3C7C}.Release|x64.Build.0 = Release|x64
		{C747576A-8376-4B48-9B9A-6FD01CDA3C7C}.Release|x86.ActiveCfg = Release|Win32
		{C747576A-8376-4B48-9B9A-6FD01CDA3C7C}.Release|x86.Build.0 = Release|Win32
	EndGlobalSection
	GlobalSection(SolutionProperties) = preSolution
		HideSolutionNode = FALSE
	EndGlobalSection
	GlobalSection(ExtensibilityGlobals) = postSolution
		SolutionGuid = {9A9DFD6D-234E-4489-BBB2-D5CBADDDED18}
	EndGlobalSection
EndGlobal
