
Microsoft Visual Studio Solution File, Format Version 12.00
# Visual Studio 15
VisualStudioVersion = 15.0.27703.2026
MinimumVisualStudioVersion = 10.0.40219.1
Project("{8BC9CEB8-8B4A-11D0-8D11-00A0C91BC942}") = "11_21", "11_21\11_21.vcxproj", "{AB1382DE-2535-4917-A31B-48D290EC5A92}"
EndProject
Global
	GlobalSection(SolutionConfigurationPlatforms) = preSolution
		Debug|x64 = Debug|x64
		Debug|x86 = Debug|x86
		Release|x64 = Release|x64
		Release|x86 = Release|x86
	EndGlobalSection
	GlobalSection(ProjectConfigurationPlatforms) = postSolution
		{AB1382DE-2535-4917-A31B-48D290EC5A92}.Debug|x64.ActiveCfg = Debug|x64
		{AB1382DE-2535-4917-A31B-48D290EC5A92}.Debug|x64.Build.0 = Debug|x64
		{AB1382DE-2535-4917-A31B-48D290EC5A92}.Debug|x86.ActiveCfg = Debug|Win32
		{AB1382DE-2535-4917-A31B-48D290EC5A92}.Debug|x86.Build.0 = Debug|Win32
		{AB1382DE-2535-4917-A31B-48D290EC5A92}.Release|x64.ActiveCfg = Release|x64
		{AB1382DE-2535-4917-A31B-48D290EC5A92}.Release|x64.Build.0 = Release|x64
		{AB1382DE-2535-4917-A31B-48D290EC5A92}.Release|x86.ActiveCfg = Release|Win32
		{AB1382DE-2535-4917-A31B-48D290EC5A92}.Release|x86.Build.0 = Release|Win32
	EndGlobalSection
	GlobalSection(SolutionProperties) = preSolution
		HideSolutionNode = FALSE
	EndGlobalSection
	GlobalSection(ExtensibilityGlobals) = postSolution
		SolutionGuid = {911E1F5D-AD4F-4399-AE3D-5B33BF756F08}
	EndGlobalSection
EndGlobal
