
Microsoft Visual Studio Solution File, Format Version 12.00
# Visual Studio 15
VisualStudioVersion = 15.0.27703.2026
MinimumVisualStudioVersion = 10.0.40219.1
Project("{8BC9CEB8-8B4A-11D0-8D11-00A0C91BC942}") = "11_8", "11_8\11_8.vcxproj", "{43B15C2A-57F5-463A-8174-A40D9FB428EF}"
EndProject
Global
	GlobalSection(SolutionConfigurationPlatforms) = preSolution
		Debug|x64 = Debug|x64
		Debug|x86 = Debug|x86
		Release|x64 = Release|x64
		Release|x86 = Release|x86
	EndGlobalSection
	GlobalSection(ProjectConfigurationPlatforms) = postSolution
		{43B15C2A-57F5-463A-8174-A40D9FB428EF}.Debug|x64.ActiveCfg = Debug|x64
		{43B15C2A-57F5-463A-8174-A40D9FB428EF}.Debug|x64.Build.0 = Debug|x64
		{43B15C2A-57F5-463A-8174-A40D9FB428EF}.Debug|x86.ActiveCfg = Debug|Win32
		{43B15C2A-57F5-463A-8174-A40D9FB428EF}.Debug|x86.Build.0 = Debug|Win32
		{43B15C2A-57F5-463A-8174-A40D9FB428EF}.Release|x64.ActiveCfg = Release|x64
		{43B15C2A-57F5-463A-8174-A40D9FB428EF}.Release|x64.Build.0 = Release|x64
		{43B15C2A-57F5-463A-8174-A40D9FB428EF}.Release|x86.ActiveCfg = Release|Win32
		{43B15C2A-57F5-463A-8174-A40D9FB428EF}.Release|x86.Build.0 = Release|Win32
	EndGlobalSection
	GlobalSection(SolutionProperties) = preSolution
		HideSolutionNode = FALSE
	EndGlobalSection
	GlobalSection(ExtensibilityGlobals) = postSolution
		SolutionGuid = {EEE8DB13-C861-4586-93FF-6EDBE5C0CF1B}
	EndGlobalSection
EndGlobal
