
Microsoft Visual Studio Solution File, Format Version 12.00
# Visual Studio 15
VisualStudioVersion = 15.0.27703.2026
MinimumVisualStudioVersion = 10.0.40219.1
Project("{8BC9CEB8-8B4A-11D0-8D11-00A0C91BC942}") = "12_24", "12_24\12_24.vcxproj", "{286A2BFE-84FF-41BC-AEDE-446CA85BF988}"
EndProject
Global
	GlobalSection(SolutionConfigurationPlatforms) = preSolution
		Debug|x64 = Debug|x64
		Debug|x86 = Debug|x86
		Release|x64 = Release|x64
		Release|x86 = Release|x86
	EndGlobalSection
	GlobalSection(ProjectConfigurationPlatforms) = postSolution
		{286A2BFE-84FF-41BC-AEDE-446CA85BF988}.Debug|x64.ActiveCfg = Debug|x64
		{286A2BFE-84FF-41BC-AEDE-446CA85BF988}.Debug|x64.Build.0 = Debug|x64
		{286A2BFE-84FF-41BC-AEDE-446CA85BF988}.Debug|x86.ActiveCfg = Debug|Win32
		{286A2BFE-84FF-41BC-AEDE-446CA85BF988}.Debug|x86.Build.0 = Debug|Win32
		{286A2BFE-84FF-41BC-AEDE-446CA85BF988}.Release|x64.ActiveCfg = Release|x64
		{286A2BFE-84FF-41BC-AEDE-446CA85BF988}.Release|x64.Build.0 = Release|x64
		{286A2BFE-84FF-41BC-AEDE-446CA85BF988}.Release|x86.ActiveCfg = Release|Win32
		{286A2BFE-84FF-41BC-AEDE-446CA85BF988}.Release|x86.Build.0 = Release|Win32
	EndGlobalSection
	GlobalSection(SolutionProperties) = preSolution
		HideSolutionNode = FALSE
	EndGlobalSection
	GlobalSection(ExtensibilityGlobals) = postSolution
		SolutionGuid = {4D0AA59F-4EDE-4A23-87DF-835C08BDCC69}
	EndGlobalSection
EndGlobal
