
Microsoft Visual Studio Solution File, Format Version 12.00
# Visual Studio 15
VisualStudioVersion = 15.0.27703.2026
MinimumVisualStudioVersion = 10.0.40219.1
Project("{8BC9CEB8-8B4A-11D0-8D11-00A0C91BC942}") = "12_1", "12_1\12_1.vcxproj", "{9173D6CC-DE54-498B-8B16-E14D9FD80399}"
EndProject
Global
	GlobalSection(SolutionConfigurationPlatforms) = preSolution
		Debug|x64 = Debug|x64
		Debug|x86 = Debug|x86
		Release|x64 = Release|x64
		Release|x86 = Release|x86
	EndGlobalSection
	GlobalSection(ProjectConfigurationPlatforms) = postSolution
		{9173D6CC-DE54-498B-8B16-E14D9FD80399}.Debug|x64.ActiveCfg = Debug|x64
		{9173D6CC-DE54-498B-8B16-E14D9FD80399}.Debug|x64.Build.0 = Debug|x64
		{9173D6CC-DE54-498B-8B16-E14D9FD80399}.Debug|x86.ActiveCfg = Debug|Win32
		{9173D6CC-DE54-498B-8B16-E14D9FD80399}.Debug|x86.Build.0 = Debug|Win32
		{9173D6CC-DE54-498B-8B16-E14D9FD80399}.Release|x64.ActiveCfg = Release|x64
		{9173D6CC-DE54-498B-8B16-E14D9FD80399}.Release|x64.Build.0 = Release|x64
		{9173D6CC-DE54-498B-8B16-E14D9FD80399}.Release|x86.ActiveCfg = Release|Win32
		{9173D6CC-DE54-498B-8B16-E14D9FD80399}.Release|x86.Build.0 = Release|Win32
	EndGlobalSection
	GlobalSection(SolutionProperties) = preSolution
		HideSolutionNode = FALSE
	EndGlobalSection
	GlobalSection(ExtensibilityGlobals) = postSolution
		SolutionGuid = {AAD191E9-A841-4D1B-9FE4-A6E91F0BCE80}
	EndGlobalSection
EndGlobal
